Microsoft Visual Studio Solution File, Format Version 12.00
# Visual Studio Version 17
VisualStudioVersion = 17.5.2.0
MinimumVisualStudioVersion = 10.0.40219.1
Project("{FAE04EC0-301F-11D3-BF4B-00C04F79EFBC}") = "QuanLyChoThuePhongTro", "QuanLyChoThuePhongTro.csproj", "{B634C2DD-4FAF-C878-2560-80A78014E717}"
EndProject
Global
	GlobalSection(SolutionConfigurationPlatforms) = preSolution
		Debug|Any CPU = Debug|Any CPU
		Release|Any CPU = Release|Any CPU
	EndGlobalSection
	GlobalSection(ProjectConfigurationPlatforms) = postSolution
		{B634C2DD-4FAF-C878-2560-80A78014E717}.Debug|Any CPU.ActiveCfg = Debug|Any CPU
		{B634C2DD-4FAF-C878-2560-80A78014E717}.Debug|Any CPU.Build.0 = Debug|Any CPU
		{B634C2DD-4FAF-C878-2560-80A78014E717}.Release|Any CPU.ActiveCfg = Release|Any CPU
		{B634C2DD-4FAF-C878-2560-80A78014E717}.Release|Any CPU.Build.0 = Release|Any CPU
	EndGlobalSection
	GlobalSection(SolutionProperties) = preSolution
		HideSolutionNode = FALSE
	EndGlobalSection
	GlobalSection(ExtensibilityGlobals) = postSolution
		SolutionGuid = {D7D11FC5-4FB7-42F8-9FD8-4F80778203D8}
	EndGlobalSection
EndGlobal
